
Microsoft Visual Studio Solution File, Format Version 12.00
# Visual Studio Version 17
VisualStudioVersion = 17.3.32922.545
MinimumVisualStudioVersion = 10.0.40219.1
Project("{FAE04EC0-301F-11D3-BF4B-00C04F79EFBC}") = "1", "1\1.csproj", "{AE9BD22E-C8DA-46B9-B6B9-FAE31B8F770E}"
EndProject
Project("{FAE04EC0-301F-11D3-BF4B-00C04F79EFBC}") = "2", "2\2.csproj", "{4154726E-C342-4F54-9956-7A494324CE61}"
EndProject
Project("{FAE04EC0-301F-11D3-BF4B-00C04F79EFBC}") = "3", "3\3.csproj", "{3E1E0B05-87EA-41F9-90E7-A5AD4A758BC1}"
EndProject
Project("{FAE04EC0-301F-11D3-BF4B-00C04F79EFBC}") = "4", "4\4.csproj", "{1EBFE081-508F-45BF-949F-045AB6524F98}"
EndProject
Global
	GlobalSection(SolutionConfigurationPlatforms) = preSolution
		Debug|Any CPU = Debug|Any CPU
		Release|Any CPU = Release|Any CPU
	EndGlobalSection
	GlobalSection(ProjectConfigurationPlatforms) = postSolution
		{AE9BD22E-C8DA-46B9-B6B9-FAE31B8F770E}.Debug|Any CPU.ActiveCfg = Debug|Any CPU
		{AE9BD22E-C8DA-46B9-B6B9-FAE31B8F770E}.Debug|Any CPU.Build.0 = Debug|Any CPU
		{AE9BD22E-C8DA-46B9-B6B9-FAE31B8F770E}.Release|Any CPU.ActiveCfg = Release|Any CPU
		{AE9BD22E-C8DA-46B9-B6B9-FAE31B8F770E}.Release|Any CPU.Build.0 = Release|Any CPU
		{4154726E-C342-4F54-9956-7A494324CE61}.Debug|Any CPU.ActiveCfg = Debug|Any CPU
		{4154726E-C342-4F54-9956-7A494324CE61}.Debug|Any CPU.Build.0 = Debug|Any CPU
		{4154726E-C342-4F54-9956-7A494324CE61}.Release|Any CPU.ActiveCfg = Release|Any CPU
		{4154726E-C342-4F54-9956-7A494324CE61}.Release|Any CPU.Build.0 = Release|Any CPU
		{3E1E0B05-87EA-41F9-90E7-A5AD4A758BC1}.Debug|Any CPU.ActiveCfg = Debug|Any CPU
		{3E1E0B05-87EA-41F9-90E7-A5AD4A758BC1}.Debug|Any CPU.Build.0 = Debug|Any CPU
		{3E1E0B05-87EA-41F9-90E7-A5AD4A758BC1}.Release|Any CPU.ActiveCfg = Release|Any CPU
		{3E1E0B05-87EA-41F9-90E7-A5AD4A758BC1}.Release|Any CPU.Build.0 = Release|Any CPU
		{1EBFE081-508F-45BF-949F-045AB6524F98}.Debug|Any CPU.ActiveCfg = Debug|Any CPU
		{1EBFE081-508F-45BF-949F-045AB6524F98}.Debug|Any CPU.Build.0 = Debug|Any CPU
		{1EBFE081-508F-45BF-949F-045AB6524F98}.Release|Any CPU.ActiveCfg = Release|Any CPU
		{1EBFE081-508F-45BF-949F-045AB6524F98}.Release|Any CPU.Build.0 = Release|Any CPU
	EndGlobalSection
	GlobalSection(SolutionProperties) = preSolution
		HideSolutionNode = FALSE
	EndGlobalSection
	GlobalSection(ExtensibilityGlobals) = postSolution
		SolutionGuid = {F9AEC43C-2750-408B-9AF4-EAAF47B31428}
	EndGlobalSection
EndGlobal
