
Microsoft Visual Studio Solution File, Format Version 12.00
# Visual Studio Version 17
VisualStudioVersion = 17.3.32922.545
MinimumVisualStudioVersion = 10.0.40219.1
Project("{FAE04EC0-301F-11D3-BF4B-00C04F79EFBC}") = "1", "1\1.csproj", "{D2C88FAC-D366-4379-BFDC-0078A11D06CE}"
EndProject
Project("{FAE04EC0-301F-11D3-BF4B-00C04F79EFBC}") = "Library", "Library\Library.csproj", "{BC09ECCC-EC1C-4228-AF85-4F90A92B2166}"
EndProject
Project("{FAE04EC0-301F-11D3-BF4B-00C04F79EFBC}") = "Weather", "Weather\Weather.csproj", "{BA6AAB6C-1153-492E-B858-1CFC973ACFCE}"
EndProject
Project("{FAE04EC0-301F-11D3-BF4B-00C04F79EFBC}") = "2", "2\2.csproj", "{87A9B05B-7B52-4A43-ADCE-E6844EB3DB3F}"
EndProject
Global
	GlobalSection(SolutionConfigurationPlatforms) = preSolution
		Debug|Any CPU = Debug|Any CPU
		Release|Any CPU = Release|Any CPU
	EndGlobalSection
	GlobalSection(ProjectConfigurationPlatforms) = postSolution
		{D2C88FAC-D366-4379-BFDC-0078A11D06CE}.Debug|Any CPU.ActiveCfg = Debug|Any CPU
		{D2C88FAC-D366-4379-BFDC-0078A11D06CE}.Debug|Any CPU.Build.0 = Debug|Any CPU
		{D2C88FAC-D366-4379-BFDC-0078A11D06CE}.Release|Any CPU.ActiveCfg = Release|Any CPU
		{D2C88FAC-D366-4379-BFDC-0078A11D06CE}.Release|Any CPU.Build.0 = Release|Any CPU
		{BC09ECCC-EC1C-4228-AF85-4F90A92B2166}.Debug|Any CPU.ActiveCfg = Debug|Any CPU
		{BC09ECCC-EC1C-4228-AF85-4F90A92B2166}.Debug|Any CPU.Build.0 = Debug|Any CPU
		{BC09ECCC-EC1C-4228-AF85-4F90A92B2166}.Release|Any CPU.ActiveCfg = Release|Any CPU
		{BC09ECCC-EC1C-4228-AF85-4F90A92B2166}.Release|Any CPU.Build.0 = Release|Any CPU
		{BA6AAB6C-1153-492E-B858-1CFC973ACFCE}.Debug|Any CPU.ActiveCfg = Debug|Any CPU
		{BA6AAB6C-1153-492E-B858-1CFC973ACFCE}.Debug|Any CPU.Build.0 = Debug|Any CPU
		{BA6AAB6C-1153-492E-B858-1CFC973ACFCE}.Release|Any CPU.ActiveCfg = Release|Any CPU
		{BA6AAB6C-1153-492E-B858-1CFC973ACFCE}.Release|Any CPU.Build.0 = Release|Any CPU
		{87A9B05B-7B52-4A43-ADCE-E6844EB3DB3F}.Debug|Any CPU.ActiveCfg = Debug|Any CPU
		{87A9B05B-7B52-4A43-ADCE-E6844EB3DB3F}.Debug|Any CPU.Build.0 = Debug|Any CPU
		{87A9B05B-7B52-4A43-ADCE-E6844EB3DB3F}.Release|Any CPU.ActiveCfg = Release|Any CPU
		{87A9B05B-7B52-4A43-ADCE-E6844EB3DB3F}.Release|Any CPU.Build.0 = Release|Any CPU
	EndGlobalSection
	GlobalSection(SolutionProperties) = preSolution
		HideSolutionNode = FALSE
	EndGlobalSection
	GlobalSection(ExtensibilityGlobals) = postSolution
		SolutionGuid = {A8F81A27-E7FF-4B13-9F42-F16C5CB2C6A6}
	EndGlobalSection
EndGlobal
