
Microsoft Visual Studio Solution File, Format Version 12.00
# Visual Studio Version 17
VisualStudioVersion = 17.3.32922.545
MinimumVisualStudioVersion = 10.0.40219.1
Project("{FAE04EC0-301F-11D3-BF4B-00C04F79EFBC}") = "1", "1\1.csproj", "{468CE128-B4D1-42C1-BA84-CF87E93A2AC6}"
EndProject
Project("{FAE04EC0-301F-11D3-BF4B-00C04F79EFBC}") = "2", "2\2.csproj", "{BB0AB1D5-6ADD-478C-8E6B-417C99ECE698}"
EndProject
Project("{FAE04EC0-301F-11D3-BF4B-00C04F79EFBC}") = "3", "3\3.csproj", "{4F0653F7-74BC-4DF0-B17E-7EC973063167}"
EndProject
Project("{FAE04EC0-301F-11D3-BF4B-00C04F79EFBC}") = "4", "4\4.csproj", "{16CCF4EF-0BEE-4F98-9C02-703374D120E2}"
EndProject
Global
	GlobalSection(SolutionConfigurationPlatforms) = preSolution
		Debug|Any CPU = Debug|Any CPU
		Release|Any CPU = Release|Any CPU
	EndGlobalSection
	GlobalSection(ProjectConfigurationPlatforms) = postSolution
		{468CE128-B4D1-42C1-BA84-CF87E93A2AC6}.Debug|Any CPU.ActiveCfg = Debug|Any CPU
		{468CE128-B4D1-42C1-BA84-CF87E93A2AC6}.Debug|Any CPU.Build.0 = Debug|Any CPU
		{468CE128-B4D1-42C1-BA84-CF87E93A2AC6}.Release|Any CPU.ActiveCfg = Release|Any CPU
		{468CE128-B4D1-42C1-BA84-CF87E93A2AC6}.Release|Any CPU.Build.0 = Release|Any CPU
		{BB0AB1D5-6ADD-478C-8E6B-417C99ECE698}.Debug|Any CPU.ActiveCfg = Debug|Any CPU
		{BB0AB1D5-6ADD-478C-8E6B-417C99ECE698}.Debug|Any CPU.Build.0 = Debug|Any CPU
		{BB0AB1D5-6ADD-478C-8E6B-417C99ECE698}.Release|Any CPU.ActiveCfg = Release|Any CPU
		{BB0AB1D5-6ADD-478C-8E6B-417C99ECE698}.Release|Any CPU.Build.0 = Release|Any CPU
		{4F0653F7-74BC-4DF0-B17E-7EC973063167}.Debug|Any CPU.ActiveCfg = Debug|Any CPU
		{4F0653F7-74BC-4DF0-B17E-7EC973063167}.Debug|Any CPU.Build.0 = Debug|Any CPU
		{4F0653F7-74BC-4DF0-B17E-7EC973063167}.Release|Any CPU.ActiveCfg = Release|Any CPU
		{4F0653F7-74BC-4DF0-B17E-7EC973063167}.Release|Any CPU.Build.0 = Release|Any CPU
		{16CCF4EF-0BEE-4F98-9C02-703374D120E2}.Debug|Any CPU.ActiveCfg = Debug|Any CPU
		{16CCF4EF-0BEE-4F98-9C02-703374D120E2}.Debug|Any CPU.Build.0 = Debug|Any CPU
		{16CCF4EF-0BEE-4F98-9C02-703374D120E2}.Release|Any CPU.ActiveCfg = Release|Any CPU
		{16CCF4EF-0BEE-4F98-9C02-703374D120E2}.Release|Any CPU.Build.0 = Release|Any CPU
	EndGlobalSection
	GlobalSection(SolutionProperties) = preSolution
		HideSolutionNode = FALSE
	EndGlobalSection
	GlobalSection(ExtensibilityGlobals) = postSolution
		SolutionGuid = {4AA028F3-0EF0-450E-92B4-EC8ED22106DE}
	EndGlobalSection
EndGlobal
