
Microsoft Visual Studio Solution File, Format Version 12.00
# Visual Studio Version 17
VisualStudioVersion = 17.3.32922.545
MinimumVisualStudioVersion = 10.0.40219.1
Project("{9A19103F-16F7-4668-BE54-9A1E7A4F7556}") = "4.1", "4.1\4.1.csproj", "{4B75C9DF-EEDB-44E8-B78B-F13C4D885B57}"
EndProject
Project("{9A19103F-16F7-4668-BE54-9A1E7A4F7556}") = "4.2", "4.2\4.2.csproj", "{C83C5B9E-BC70-4B16-975A-F2DD55CE9CF1}"
EndProject
Project("{9A19103F-16F7-4668-BE54-9A1E7A4F7556}") = "4.3", "4.3\4.3.csproj", "{F70AA901-DF69-4011-8A17-EC3D9EB8CCB5}"
EndProject
Project("{FAE04EC0-301F-11D3-BF4B-00C04F79EFBC}") = "4.4", "4.4\4.4.csproj", "{9C0BBC7D-9F38-4E42-BFCB-5AC6F227757A}"
EndProject
Project("{FAE04EC0-301F-11D3-BF4B-00C04F79EFBC}") = "4.5", "4.5\4.5.csproj", "{ECE907BC-FB7D-4C78-AD57-1AB28F4BECF5}"
EndProject
Global
	GlobalSection(SolutionConfigurationPlatforms) = preSolution
		Debug|Any CPU = Debug|Any CPU
		Release|Any CPU = Release|Any CPU
	EndGlobalSection
	GlobalSection(ProjectConfigurationPlatforms) = postSolution
		{4B75C9DF-EEDB-44E8-B78B-F13C4D885B57}.Debug|Any CPU.ActiveCfg = Debug|Any CPU
		{4B75C9DF-EEDB-44E8-B78B-F13C4D885B57}.Debug|Any CPU.Build.0 = Debug|Any CPU
		{4B75C9DF-EEDB-44E8-B78B-F13C4D885B57}.Release|Any CPU.ActiveCfg = Release|Any CPU
		{4B75C9DF-EEDB-44E8-B78B-F13C4D885B57}.Release|Any CPU.Build.0 = Release|Any CPU
		{C83C5B9E-BC70-4B16-975A-F2DD55CE9CF1}.Debug|Any CPU.ActiveCfg = Debug|Any CPU
		{C83C5B9E-BC70-4B16-975A-F2DD55CE9CF1}.Debug|Any CPU.Build.0 = Debug|Any CPU
		{C83C5B9E-BC70-4B16-975A-F2DD55CE9CF1}.Release|Any CPU.ActiveCfg = Release|Any CPU
		{C83C5B9E-BC70-4B16-975A-F2DD55CE9CF1}.Release|Any CPU.Build.0 = Release|Any CPU
		{F70AA901-DF69-4011-8A17-EC3D9EB8CCB5}.Debug|Any CPU.ActiveCfg = Debug|Any CPU
		{F70AA901-DF69-4011-8A17-EC3D9EB8CCB5}.Debug|Any CPU.Build.0 = Debug|Any CPU
		{F70AA901-DF69-4011-8A17-EC3D9EB8CCB5}.Release|Any CPU.ActiveCfg = Release|Any CPU
		{F70AA901-DF69-4011-8A17-EC3D9EB8CCB5}.Release|Any CPU.Build.0 = Release|Any CPU
		{9C0BBC7D-9F38-4E42-BFCB-5AC6F227757A}.Debug|Any CPU.ActiveCfg = Debug|Any CPU
		{9C0BBC7D-9F38-4E42-BFCB-5AC6F227757A}.Debug|Any CPU.Build.0 = Debug|Any CPU
		{9C0BBC7D-9F38-4E42-BFCB-5AC6F227757A}.Release|Any CPU.ActiveCfg = Release|Any CPU
		{9C0BBC7D-9F38-4E42-BFCB-5AC6F227757A}.Release|Any CPU.Build.0 = Release|Any CPU
		{ECE907BC-FB7D-4C78-AD57-1AB28F4BECF5}.Debug|Any CPU.ActiveCfg = Debug|Any CPU
		{ECE907BC-FB7D-4C78-AD57-1AB28F4BECF5}.Debug|Any CPU.Build.0 = Debug|Any CPU
		{ECE907BC-FB7D-4C78-AD57-1AB28F4BECF5}.Release|Any CPU.ActiveCfg = Release|Any CPU
		{ECE907BC-FB7D-4C78-AD57-1AB28F4BECF5}.Release|Any CPU.Build.0 = Release|Any CPU
	EndGlobalSection
	GlobalSection(SolutionProperties) = preSolution
		HideSolutionNode = FALSE
	EndGlobalSection
	GlobalSection(ExtensibilityGlobals) = postSolution
		SolutionGuid = {114B298D-90D0-464B-8D95-8FA58259BDF8}
	EndGlobalSection
EndGlobal
