
Microsoft Visual Studio Solution File, Format Version 12.00
# Visual Studio Version 17
VisualStudioVersion = 17.3.32922.545
MinimumVisualStudioVersion = 10.0.40219.1
Project("{FAE04EC0-301F-11D3-BF4B-00C04F79EFBC}") = "1", "1\1.csproj", "{BE88B5BE-5762-4F66-A329-F6F67AFBE16F}"
EndProject
Project("{FAE04EC0-301F-11D3-BF4B-00C04F79EFBC}") = "2", "2\2.csproj", "{87F94386-1AFE-4117-A6D2-AB98077BA3B1}"
EndProject
Project("{FAE04EC0-301F-11D3-BF4B-00C04F79EFBC}") = "3", "3\3.csproj", "{1907D965-CF24-465C-AC10-4E4D8104ADAC}"
EndProject
Global
	GlobalSection(SolutionConfigurationPlatforms) = preSolution
		Debug|Any CPU = Debug|Any CPU
		Release|Any CPU = Release|Any CPU
	EndGlobalSection
	GlobalSection(ProjectConfigurationPlatforms) = postSolution
		{BE88B5BE-5762-4F66-A329-F6F67AFBE16F}.Debug|Any CPU.ActiveCfg = Debug|Any CPU
		{BE88B5BE-5762-4F66-A329-F6F67AFBE16F}.Debug|Any CPU.Build.0 = Debug|Any CPU
		{BE88B5BE-5762-4F66-A329-F6F67AFBE16F}.Release|Any CPU.ActiveCfg = Release|Any CPU
		{BE88B5BE-5762-4F66-A329-F6F67AFBE16F}.Release|Any CPU.Build.0 = Release|Any CPU
		{87F94386-1AFE-4117-A6D2-AB98077BA3B1}.Debug|Any CPU.ActiveCfg = Debug|Any CPU
		{87F94386-1AFE-4117-A6D2-AB98077BA3B1}.Debug|Any CPU.Build.0 = Debug|Any CPU
		{87F94386-1AFE-4117-A6D2-AB98077BA3B1}.Release|Any CPU.ActiveCfg = Release|Any CPU
		{87F94386-1AFE-4117-A6D2-AB98077BA3B1}.Release|Any CPU.Build.0 = Release|Any CPU
		{1907D965-CF24-465C-AC10-4E4D8104ADAC}.Debug|Any CPU.ActiveCfg = Debug|Any CPU
		{1907D965-CF24-465C-AC10-4E4D8104ADAC}.Debug|Any CPU.Build.0 = Debug|Any CPU
		{1907D965-CF24-465C-AC10-4E4D8104ADAC}.Release|Any CPU.ActiveCfg = Release|Any CPU
		{1907D965-CF24-465C-AC10-4E4D8104ADAC}.Release|Any CPU.Build.0 = Release|Any CPU
	EndGlobalSection
	GlobalSection(SolutionProperties) = preSolution
		HideSolutionNode = FALSE
	EndGlobalSection
	GlobalSection(ExtensibilityGlobals) = postSolution
		SolutionGuid = {D78488FC-4627-4C88-937E-C842E243D190}
	EndGlobalSection
EndGlobal
