
Microsoft Visual Studio Solution File, Format Version 12.00
# Visual Studio Version 17
VisualStudioVersion = 17.3.32922.545
MinimumVisualStudioVersion = 10.0.40219.1
Project("{FAE04EC0-301F-11D3-BF4B-00C04F79EFBC}") = "Day20Prac19", "Day20Prac19\Day20Prac19.csproj", "{15E1EC90-BFE5-48FF-B99B-2764EA60CEAB}"
EndProject
Project("{FAE04EC0-301F-11D3-BF4B-00C04F79EFBC}") = "2", "2\2.csproj", "{0B6AC212-6982-45BC-A501-C2943D1B35B2}"
EndProject
Global
	GlobalSection(SolutionConfigurationPlatforms) = preSolution
		Debug|Any CPU = Debug|Any CPU
		Release|Any CPU = Release|Any CPU
	EndGlobalSection
	GlobalSection(ProjectConfigurationPlatforms) = postSolution
		{15E1EC90-BFE5-48FF-B99B-2764EA60CEAB}.Debug|Any CPU.ActiveCfg = Debug|Any CPU
		{15E1EC90-BFE5-48FF-B99B-2764EA60CEAB}.Debug|Any CPU.Build.0 = Debug|Any CPU
		{15E1EC90-BFE5-48FF-B99B-2764EA60CEAB}.Release|Any CPU.ActiveCfg = Release|Any CPU
		{15E1EC90-BFE5-48FF-B99B-2764EA60CEAB}.Release|Any CPU.Build.0 = Release|Any CPU
		{0B6AC212-6982-45BC-A501-C2943D1B35B2}.Debug|Any CPU.ActiveCfg = Debug|Any CPU
		{0B6AC212-6982-45BC-A501-C2943D1B35B2}.Debug|Any CPU.Build.0 = Debug|Any CPU
		{0B6AC212-6982-45BC-A501-C2943D1B35B2}.Release|Any CPU.ActiveCfg = Release|Any CPU
		{0B6AC212-6982-45BC-A501-C2943D1B35B2}.Release|Any CPU.Build.0 = Release|Any CPU
	EndGlobalSection
	GlobalSection(SolutionProperties) = preSolution
		HideSolutionNode = FALSE
	EndGlobalSection
	GlobalSection(ExtensibilityGlobals) = postSolution
		SolutionGuid = {69C36D10-B638-4F58-9F67-B86E6891E87B}
	EndGlobalSection
EndGlobal
