
Microsoft Visual Studio Solution File, Format Version 12.00
# Visual Studio Version 17
VisualStudioVersion = 17.3.32922.545
MinimumVisualStudioVersion = 10.0.40219.1
Project("{9A19103F-16F7-4668-BE54-9A1E7A4F7556}") = "1", "1\1.csproj", "{99A596EA-54CF-4588-87D7-460D33E06EF5}"
EndProject
Project("{9A19103F-16F7-4668-BE54-9A1E7A4F7556}") = "2", "2\2.csproj", "{FCCD4DB8-3DB1-4A51-B2E2-712B0EF9A432}"
EndProject
Project("{9A19103F-16F7-4668-BE54-9A1E7A4F7556}") = "3", "3\3.csproj", "{D622769E-9588-4ACB-86F3-6BBC78E4E6BC}"
EndProject
Global
	GlobalSection(SolutionConfigurationPlatforms) = preSolution
		Debug|Any CPU = Debug|Any CPU
		Release|Any CPU = Release|Any CPU
	EndGlobalSection
	GlobalSection(ProjectConfigurationPlatforms) = postSolution
		{99A596EA-54CF-4588-87D7-460D33E06EF5}.Debug|Any CPU.ActiveCfg = Debug|Any CPU
		{99A596EA-54CF-4588-87D7-460D33E06EF5}.Debug|Any CPU.Build.0 = Debug|Any CPU
		{99A596EA-54CF-4588-87D7-460D33E06EF5}.Release|Any CPU.ActiveCfg = Release|Any CPU
		{99A596EA-54CF-4588-87D7-460D33E06EF5}.Release|Any CPU.Build.0 = Release|Any CPU
		{FCCD4DB8-3DB1-4A51-B2E2-712B0EF9A432}.Debug|Any CPU.ActiveCfg = Debug|Any CPU
		{FCCD4DB8-3DB1-4A51-B2E2-712B0EF9A432}.Debug|Any CPU.Build.0 = Debug|Any CPU
		{FCCD4DB8-3DB1-4A51-B2E2-712B0EF9A432}.Release|Any CPU.ActiveCfg = Release|Any CPU
		{FCCD4DB8-3DB1-4A51-B2E2-712B0EF9A432}.Release|Any CPU.Build.0 = Release|Any CPU
		{D622769E-9588-4ACB-86F3-6BBC78E4E6BC}.Debug|Any CPU.ActiveCfg = Debug|Any CPU
		{D622769E-9588-4ACB-86F3-6BBC78E4E6BC}.Debug|Any CPU.Build.0 = Debug|Any CPU
		{D622769E-9588-4ACB-86F3-6BBC78E4E6BC}.Release|Any CPU.ActiveCfg = Release|Any CPU
		{D622769E-9588-4ACB-86F3-6BBC78E4E6BC}.Release|Any CPU.Build.0 = Release|Any CPU
	EndGlobalSection
	GlobalSection(SolutionProperties) = preSolution
		HideSolutionNode = FALSE
	EndGlobalSection
	GlobalSection(ExtensibilityGlobals) = postSolution
		SolutionGuid = {8172F9B0-4380-4A09-8D54-9E9567B15A7A}
	EndGlobalSection
EndGlobal
