
Microsoft Visual Studio Solution File, Format Version 12.00
# Visual Studio Version 17
VisualStudioVersion = 17.3.32922.545
MinimumVisualStudioVersion = 10.0.40219.1
Project("{9A19103F-16F7-4668-BE54-9A1E7A4F7556}") = "1", "1\1.csproj", "{D7AFA6E0-AB14-4F14-98CB-1367914E5E61}"
EndProject
Project("{9A19103F-16F7-4668-BE54-9A1E7A4F7556}") = "2", "2\2.csproj", "{10CF441F-1B52-4E2F-85A4-3430BCC21D41}"
EndProject
Project("{9A19103F-16F7-4668-BE54-9A1E7A4F7556}") = "3", "3\3.csproj", "{AF0778B2-60FD-4A25-881B-890833FFED69}"
EndProject
Global
	GlobalSection(SolutionConfigurationPlatforms) = preSolution
		Debug|Any CPU = Debug|Any CPU
		Release|Any CPU = Release|Any CPU
	EndGlobalSection
	GlobalSection(ProjectConfigurationPlatforms) = postSolution
		{D7AFA6E0-AB14-4F14-98CB-1367914E5E61}.Debug|Any CPU.ActiveCfg = Debug|Any CPU
		{D7AFA6E0-AB14-4F14-98CB-1367914E5E61}.Debug|Any CPU.Build.0 = Debug|Any CPU
		{D7AFA6E0-AB14-4F14-98CB-1367914E5E61}.Release|Any CPU.ActiveCfg = Release|Any CPU
		{D7AFA6E0-AB14-4F14-98CB-1367914E5E61}.Release|Any CPU.Build.0 = Release|Any CPU
		{10CF441F-1B52-4E2F-85A4-3430BCC21D41}.Debug|Any CPU.ActiveCfg = Debug|Any CPU
		{10CF441F-1B52-4E2F-85A4-3430BCC21D41}.Debug|Any CPU.Build.0 = Debug|Any CPU
		{10CF441F-1B52-4E2F-85A4-3430BCC21D41}.Release|Any CPU.ActiveCfg = Release|Any CPU
		{10CF441F-1B52-4E2F-85A4-3430BCC21D41}.Release|Any CPU.Build.0 = Release|Any CPU
		{AF0778B2-60FD-4A25-881B-890833FFED69}.Debug|Any CPU.ActiveCfg = Debug|Any CPU
		{AF0778B2-60FD-4A25-881B-890833FFED69}.Debug|Any CPU.Build.0 = Debug|Any CPU
		{AF0778B2-60FD-4A25-881B-890833FFED69}.Release|Any CPU.ActiveCfg = Release|Any CPU
		{AF0778B2-60FD-4A25-881B-890833FFED69}.Release|Any CPU.Build.0 = Release|Any CPU
	EndGlobalSection
	GlobalSection(SolutionProperties) = preSolution
		HideSolutionNode = FALSE
	EndGlobalSection
	GlobalSection(ExtensibilityGlobals) = postSolution
		SolutionGuid = {6E5D9A78-CB16-4702-A3C5-C440C71190A7}
	EndGlobalSection
EndGlobal
