
Microsoft Visual Studio Solution File, Format Version 12.00
# Visual Studio Version 17
VisualStudioVersion = 17.3.32922.545
MinimumVisualStudioVersion = 10.0.40219.1
Project("{FAE04EC0-301F-11D3-BF4B-00C04F79EFBC}") = "7.1", "7.1\7.1.csproj", "{F1D91972-670A-4605-8B16-7B8509EE2C31}"
EndProject
Project("{FAE04EC0-301F-11D3-BF4B-00C04F79EFBC}") = "7.2", "7.2\7.2.csproj", "{0FCEFAA0-AF25-4D44-A7D9-73D8D66E434A}"
EndProject
Project("{FAE04EC0-301F-11D3-BF4B-00C04F79EFBC}") = "7.3", "7.3\7.3.csproj", "{59EC3720-0180-41D1-A094-0F399BFBD96C}"
EndProject
Project("{FAE04EC0-301F-11D3-BF4B-00C04F79EFBC}") = "7.4", "7.4\7.4.csproj", "{A066051B-89B4-442F-8AA2-D49B3A3AC502}"
EndProject
Global
	GlobalSection(SolutionConfigurationPlatforms) = preSolution
		Debug|Any CPU = Debug|Any CPU
		Release|Any CPU = Release|Any CPU
	EndGlobalSection
	GlobalSection(ProjectConfigurationPlatforms) = postSolution
		{F1D91972-670A-4605-8B16-7B8509EE2C31}.Debug|Any CPU.ActiveCfg = Debug|Any CPU
		{F1D91972-670A-4605-8B16-7B8509EE2C31}.Debug|Any CPU.Build.0 = Debug|Any CPU
		{F1D91972-670A-4605-8B16-7B8509EE2C31}.Release|Any CPU.ActiveCfg = Release|Any CPU
		{F1D91972-670A-4605-8B16-7B8509EE2C31}.Release|Any CPU.Build.0 = Release|Any CPU
		{0FCEFAA0-AF25-4D44-A7D9-73D8D66E434A}.Debug|Any CPU.ActiveCfg = Debug|Any CPU
		{0FCEFAA0-AF25-4D44-A7D9-73D8D66E434A}.Debug|Any CPU.Build.0 = Debug|Any CPU
		{0FCEFAA0-AF25-4D44-A7D9-73D8D66E434A}.Release|Any CPU.ActiveCfg = Release|Any CPU
		{0FCEFAA0-AF25-4D44-A7D9-73D8D66E434A}.Release|Any CPU.Build.0 = Release|Any CPU
		{59EC3720-0180-41D1-A094-0F399BFBD96C}.Debug|Any CPU.ActiveCfg = Debug|Any CPU
		{59EC3720-0180-41D1-A094-0F399BFBD96C}.Debug|Any CPU.Build.0 = Debug|Any CPU
		{59EC3720-0180-41D1-A094-0F399BFBD96C}.Release|Any CPU.ActiveCfg = Release|Any CPU
		{59EC3720-0180-41D1-A094-0F399BFBD96C}.Release|Any CPU.Build.0 = Release|Any CPU
		{A066051B-89B4-442F-8AA2-D49B3A3AC502}.Debug|Any CPU.ActiveCfg = Debug|Any CPU
		{A066051B-89B4-442F-8AA2-D49B3A3AC502}.Debug|Any CPU.Build.0 = Debug|Any CPU
		{A066051B-89B4-442F-8AA2-D49B3A3AC502}.Release|Any CPU.ActiveCfg = Release|Any CPU
		{A066051B-89B4-442F-8AA2-D49B3A3AC502}.Release|Any CPU.Build.0 = Release|Any CPU
	EndGlobalSection
	GlobalSection(SolutionProperties) = preSolution
		HideSolutionNode = FALSE
	EndGlobalSection
	GlobalSection(ExtensibilityGlobals) = postSolution
		SolutionGuid = {AEBA9F64-0E38-4FD8-A80D-A0409DD5583B}
	EndGlobalSection
EndGlobal
